
Microsoft Visual Studio Solution File, Format Version 12.00
# Visual Studio Version 17
VisualStudioVersion = 17.4.33213.308
MinimumVisualStudioVersion = 10.0.40219.1
Project("{8BC9CEB8-8B4A-11D0-8D11-00A0C91BC942}") = "SIswa", "SIswa\SIswa.vcxproj", "{6D224FDF-A70E-44A8-8F05-0C5173A4FD52}"
EndProject
Project("{8BC9CEB8-8B4A-11D0-8D11-00A0C91BC942}") = "Asosiasi", "Asosiasi\Asosiasi.vcxproj", "{DFA66333-ED96-4DF3-AB77-6112F29F48C5}"
EndProject
Project("{8BC9CEB8-8B4A-11D0-8D11-00A0C91BC942}") = "MainIA", "MainIA\MainIA.vcxproj", "{4BE8FE57-DADC-459D-A77A-B701B549A205}"
EndProject
Project("{8BC9CEB8-8B4A-11D0-8D11-00A0C91BC942}") = "mainJM", "mainJM\mainJM.vcxproj", "{111FEE5F-021A-41B5-86FB-13D7E2D3470D}"
EndProject
Global
	GlobalSection(SolutionConfigurationPlatforms) = preSolution
		Debug|x64 = Debug|x64
		Debug|x86 = Debug|x86
		Release|x64 = Release|x64
		Release|x86 = Release|x86
	EndGlobalSection
	GlobalSection(ProjectConfigurationPlatforms) = postSolution
		{6D224FDF-A70E-44A8-8F05-0C5173A4FD52}.Debug|x64.ActiveCfg = Debug|x64
		{6D224FDF-A70E-44A8-8F05-0C5173A4FD52}.Debug|x64.Build.0 = Debug|x64
		{6D224FDF-A70E-44A8-8F05-0C5173A4FD52}.Debug|x86.ActiveCfg = Debug|Win32
		{6D224FDF-A70E-44A8-8F05-0C5173A4FD52}.Debug|x86.Build.0 = Debug|Win32
		{6D224FDF-A70E-44A8-8F05-0C5173A4FD52}.Release|x64.ActiveCfg = Release|x64
		{6D224FDF-A70E-44A8-8F05-0C5173A4FD52}.Release|x64.Build.0 = Release|x64
		{6D224FDF-A70E-44A8-8F05-0C5173A4FD52}.Release|x86.ActiveCfg = Release|Win32
		{6D224FDF-A70E-44A8-8F05-0C5173A4FD52}.Release|x86.Build.0 = Release|Win32
		{DFA66333-ED96-4DF3-AB77-6112F29F48C5}.Debug|x64.ActiveCfg = Debug|x64
		{DFA66333-ED96-4DF3-AB77-6112F29F48C5}.Debug|x64.Build.0 = Debug|x64
		{DFA66333-ED96-4DF3-AB77-6112F29F48C5}.Debug|x86.ActiveCfg = Debug|Win32
		{DFA66333-ED96-4DF3-AB77-6112F29F48C5}.Debug|x86.Build.0 = Debug|Win32
		{DFA66333-ED96-4DF3-AB77-6112F29F48C5}.Release|x64.ActiveCfg = Release|x64
		{DFA66333-ED96-4DF3-AB77-6112F29F48C5}.Release|x64.Build.0 = Release|x64
		{DFA66333-ED96-4DF3-AB77-6112F29F48C5}.Release|x86.ActiveCfg = Release|Win32
		{DFA66333-ED96-4DF3-AB77-6112F29F48C5}.Release|x86.Build.0 = Release|Win32
		{4BE8FE57-DADC-459D-A77A-B701B549A205}.Debug|x64.ActiveCfg = Debug|x64
		{4BE8FE57-DADC-459D-A77A-B701B549A205}.Debug|x64.Build.0 = Debug|x64
		{4BE8FE57-DADC-459D-A77A-B701B549A205}.Debug|x86.ActiveCfg = Debug|Win32
		{4BE8FE57-DADC-459D-A77A-B701B549A205}.Debug|x86.Build.0 = Debug|Win32
		{4BE8FE57-DADC-459D-A77A-B701B549A205}.Release|x64.ActiveCfg = Release|x64
		{4BE8FE57-DADC-459D-A77A-B701B549A205}.Release|x64.Build.0 = Release|x64
		{4BE8FE57-DADC-459D-A77A-B701B549A205}.Release|x86.ActiveCfg = Release|Win32
		{4BE8FE57-DADC-459D-A77A-B701B549A205}.Release|x86.Build.0 = Release|Win32
		{111FEE5F-021A-41B5-86FB-13D7E2D3470D}.Debug|x64.ActiveCfg = Debug|x64
		{111FEE5F-021A-41B5-86FB-13D7E2D3470D}.Debug|x64.Build.0 = Debug|x64
		{111FEE5F-021A-41B5-86FB-13D7E2D3470D}.Debug|x86.ActiveCfg = Debug|Win32
		{111FEE5F-021A-41B5-86FB-13D7E2D3470D}.Debug|x86.Build.0 = Debug|Win32
		{111FEE5F-021A-41B5-86FB-13D7E2D3470D}.Release|x64.ActiveCfg = Release|x64
		{111FEE5F-021A-41B5-86FB-13D7E2D3470D}.Release|x64.Build.0 = Release|x64
		{111FEE5F-021A-41B5-86FB-13D7E2D3470D}.Release|x86.ActiveCfg = Release|Win32
		{111FEE5F-021A-41B5-86FB-13D7E2D3470D}.Release|x86.Build.0 = Release|Win32
	EndGlobalSection
	GlobalSection(SolutionProperties) = preSolution
		HideSolutionNode = FALSE
	EndGlobalSection
	GlobalSection(ExtensibilityGlobals) = postSolution
		SolutionGuid = {0DA6CE20-3AE2-4EE4-A11F-70D2DD8980C6}
	EndGlobalSection
EndGlobal
